// !$*UTF8*$!
{
	archiveVersion = 1;
	classes = {
	};
	objectVersion = 50;
	objects = {

/* Begin PBXBuildFile section */
		4B8BC01E29AEFBAE002C7D28 /* RouletteAppApp.swift in Sources */ = {isa = PBXBuildFile; fileRef = 4B8BC01D29AEFBAE002C7D28 /* RouletteAppApp.swift */; };
		4B8BC02029AEFBAE002C7D28 /* ContentView.swift in Sources */ = {isa = PBXBuildFile; fileRef = 4B8BC01F29AEFBAE002C7D28 /* ContentView.swift */; };
		4B8BC02229AEFBB9002C7D28 /* Assets.xcassets in Resources */ = {isa = PBXBuildFile; fileRef = 4B8BC02129AEFBB9002C7D28 /* Assets.xcassets */; };
		4B8BC02529AEFBB9002C7D28 /* Preview Assets.xcassets in Resources */ = {isa = PBXBuildFile; fileRef = 4B8BC02429AEFBB9002C7D28 /* Preview Assets.xcassets */; };
		4B8BC03629AEFF94002C7D28 /* Rou.swift in Sources */ = {isa = PBXBuildFile; fileRef = 4B8BC03529AEFF94002C7D28 /* Rou.swift */; };
		4B8BC03C29AF00E2002C7D28 /* Home.swift in Sources */ = {isa = PBXBuildFile; fileRef = 4B8BC03B29AF00E2002C7D28 /* Home.swift */; };
/* End PBXBuildFile section */

/* Begin PBXFileReference section */
		4B8BC01A29AEFBAE002C7D28 /* RouletteApp.app */ = {isa = PBXFileReference; explicitFileType = wrapper.application; includeInIndex = 0; path = RouletteApp.app; sourceTree = BUILT_PRODUCTS_DIR; };
		4B8BC01D29AEFBAE002C7D28 /* RouletteAppApp.swift */ = {isa = PBXFileReference; lastKnownFileType = sourcecode.swift; path = RouletteAppApp.swift; sourceTree = "<group>"; };
		4B8BC01F29AEFBAE002C7D28 /* ContentView.swift */ = {isa = PBXFileReference; lastKnownFileType = sourcecode.swift; path = ContentView.swift; sourceTree = "<group>"; };
		4B8BC02129AEFBB9002C7D28 /* Assets.xcassets */ = {isa = PBXFileReference; lastKnownFileType = folder.assetcatalog; path = Assets.xcassets; sourceTree = "<group>"; };
		4B8BC02429AEFBB9002C7D28 /* Preview Assets.xcassets */ = {isa = PBXFileReference; lastKnownFileType = folder.assetcatalog; path = "Preview Assets.xcassets"; sourceTree = "<group>"; };
		4B8BC02629AEFBB9002C7D28 /* Info.plist */ = {isa = PBXFileReference; lastKnownFileType = text.plist.xml; path = Info.plist; sourceTree = "<group>"; };
		4B8BC03529AEFF94002C7D28 /* Rou.swift */ = {isa = PBXFileReference; lastKnownFileType = sourcecode.swift; path = Rou.swift; sourceTree = "<group>"; };
		4B8BC03B29AF00E2002C7D28 /* Home.swift */ = {isa = PBXFileReference; lastKnownFileType = sourcecode.swift; path = Home.swift; sourceTree = "<group>"; };
/* End PBXFileReference section */

/* Begin PBXFrameworksBuildPhase section */
		4B8BC01729AEFBAE002C7D28 /* Frameworks */ = {
			isa = PBXFrameworksBuildPhase;
			buildActionMask = 2147483647;
			files = (
			);
			runOnlyForDeploymentPostprocessing = 0;
		};
/* End PBXFrameworksBuildPhase section */

/* Begin PBXGroup section */
		4B8BC01129AEFBAE002C7D28 = {
			isa = PBXGroup;
			children = (
				4B8BC01C29AEFBAE002C7D28 /* RouletteApp */,
				4B8BC01B29AEFBAE002C7D28 /* Products */,
			);
			sourceTree = "<group>";
		};
		4B8BC01B29AEFBAE002C7D28 /* Products */ = {
			isa = PBXGroup;
			children = (
				4B8BC01A29AEFBAE002C7D28 /* RouletteApp.app */,
			);
			name = Products;
			sourceTree = "<group>";
		};
		4B8BC01C29AEFBAE002C7D28 /* RouletteApp */ = {
			isa = PBXGroup;
			children = (
				4B8BC01D29AEFBAE002C7D28 /* RouletteAppApp.swift */,
				4B8BC01F29AEFBAE002C7D28 /* ContentView.swift */,
				4B8BC03B29AF00E2002C7D28 /* Home.swift */,
				4B8BC03529AEFF94002C7D28 /* Rou.swift */,
				4B8BC02129AEFBB9002C7D28 /* Assets.xcassets */,
				4B8BC02629AEFBB9002C7D28 /* Info.plist */,
				4B8BC02329AEFBB9002C7D28 /* Preview Content */,
			);
			path = RouletteApp;
			sourceTree = "<group>";
		};
		4B8BC02329AEFBB9002C7D28 /* Preview Content */ = {
			isa = PBXGroup;
			children = (
				4B8BC02429AEFBB9002C7D28 /* Preview Assets.xcassets */,
			);
			path = "Preview Content";
			sourceTree = "<group>";
		};
/* End PBXGroup section */

/* Begin PBXNativeTarget section */
		4B8BC01929AEFBAE002C7D28 /* RouletteApp */ = {
			isa = PBXNativeTarget;
			buildConfigurationList = 4B8BC02929AEFBB9002C7D28 /* Build configuration list for PBXNativeTarget "RouletteApp" */;
			buildPhases = (
				4B8BC01629AEFBAE002C7D28 /* Sources */,
				4B8BC01729AEFBAE002C7D28 /* Frameworks */,
				4B8BC01829AEFBAE002C7D28 /* Resources */,
			);
			buildRules = (
			);
			dependencies = (
			);
			name = RouletteApp;
			productName = RouletteApp;
			productReference = 4B8BC01A29AEFBAE002C7D28 /* RouletteApp.app */;
			productType = "com.apple.product-type.application";
		};
/* End PBXNativeTarget section */

/* Begin PBXProject section */
		4B8BC01229AEFBAE002C7D28 /* Project object */ = {
			isa = PBXProject;
			attributes = {
				LastSwiftUpdateCheck = 1240;
				LastUpgradeCheck = 1240;
				TargetAttributes = {
					4B8BC01929AEFBAE002C7D28 = {
						CreatedOnToolsVersion = 12.4;
					};
				};
			};
			buildConfigurationList = 4B8BC01529AEFBAE002C7D28 /* Build configuration list for PBXProject "RouletteApp" */;
			compatibilityVersion = "Xcode 9.3";
			developmentRegion = en;
			hasScannedForEncodings = 0;
			knownRegions = (
				en,
				Base,
			);
			mainGroup = 4B8BC01129AEFBAE002C7D28;
			productRefGroup = 4B8BC01B29AEFBAE002C7D28 /* Products */;
			projectDirPath = "";
			projectRoot = "";
			targets = (
				4B8BC01929AEFBAE002C7D28 /* RouletteApp */,
			);
		};
/* End PBXProject section */

/* Begin PBXResourcesBuildPhase section */
		4B8BC01829AEFBAE002C7D28 /* Resources */ = {
			isa = PBXResourcesBuildPhase;
			buildActionMask = 2147483647;
			files = (
				4B8BC02529AEFBB9002C7D28 /* Preview Assets.xcassets in Resources */,
				4B8BC02229AEFBB9002C7D28 /* Assets.xcassets in Resources */,
			);
			runOnlyForDeploymentPostprocessing = 0;
		};
/* End PBXResourcesBuildPhase section */

/* Begin PBXSourcesBuildPhase section */
		4B8BC01629AEFBAE002C7D28 /* Sources */ = {
			isa = PBXSourcesBuildPhase;
			buildActionMask = 2147483647;
			files = (
				4B8BC02029AEFBAE002C7D28 /* ContentView.swift in Sources */,
				4B8BC03629AEFF94002C7D28 /* Rou.swift in Sources */,
				4B8BC03C29AF00E2002C7D28 /* Home.swift in Sources */,
				4B8BC01E29AEFBAE002C7D28 /* RouletteAppApp.swift in Sources */,
			);
			runOnlyForDeploymentPostprocessing = 0;
		};
/* End PBXSourcesBuildPhase section */

/* Begin XCBuildConfiguration section */
		4B8BC02729AEFBB9002C7D28 /* Debug */ = {
			isa = XCBuildConfiguration;
			buildSettings = {
				ALWAYS_SEARCH_USER_PATHS = NO;
				CLANG_ANALYZER_NONNULL = YES;
				CLANG_ANALYZER_NUMBER_OBJECT_CONVERSION = YES_AGGRESSIVE;
				CLANG_CXX_LANGUAGE_STANDARD = "gnu++14";
				CLANG_CXX_LIBRARY = "libc++";
				CLANG_ENABLE_MODULES = YES;
				CLANG_ENABLE_OBJC_ARC = YES;
				CLANG_ENABLE_OBJC_WEAK = YES;
				CLANG_WARN_BLOCK_CAPTURE_AUTORELEASING = YES;
				CLANG_WARN_BOOL_CONVERSION = YES;
				CLANG_WARN_COMMA = YES;
				CLANG_WARN_CONSTANT_CONVERSION = YES;
				CLANG_WARN_DEPRECATED_OBJC_IMPLEMENTATIONS = YES;
				CLANG_WARN_DIRECT_OBJC_ISA_USAGE = YES_ERROR;
				CLANG_WARN_DOCUMENTATION_COMMENTS = YES;
				CLANG_WARN_EMPTY_BODY = YES;
				CLANG_WARN_ENUM_CONVERSION = YES;
				CLANG_WARN_INFINITE_RECURSION = YES;
				CLANG_WARN_INT_CONVERSION = YES;
				CLANG_WARN_NON_LITERAL_NULL_CONVERSION = YES;
				CLANG_WARN_OBJC_IMPLICIT_RETAIN_SELF = YES;
				CLANG_WARN_OBJC_LITERAL_CONVERSION = YES;
				CLANG_WARN_OBJC_ROOT_CLASS = YES_ERROR;
				CLANG_WARN_QUOTED_INCLUDE_IN_FRAMEWORK_HEADER = YES;
				CLANG_WARN_RANGE_LOOP_ANALYSIS = YES;
				CLANG_WARN_STRICT_PROTOTYPES = YES;
				CLANG_WARN_SUSPICIOUS_MOVE = YES;
				CLANG_WARN_UNGUARDED_AVAILABILITY = YES_AGGRESSIVE;
				CLANG_WARN_UNREACHABLE_CODE = YES;
				CLANG_WARN__DUPLICATE_METHOD_MATCH = YES;
				COPY_PHASE_STRIP = NO;
				DEBUG_INFORMATION_FORMAT = dwarf;
				ENABLE_STRICT_OBJC_MSGSEND = YES;
				ENABLE_TESTABILITY = YES;
				GCC_C_LANGUAGE_STANDARD = gnu11;
				GCC_DYNAMIC_NO_PIC = NO;
				GCC_NO_COMMON_BLOCKS = YES;
				GCC_OPTIMIZATION_LEVEL = 0;
				GCC_PREPROCESSOR_DEFINITIONS = (
					"DEBUG=1",
					"$(inherited)",
				);
				GCC_WARN_64_TO_32_BIT_CONVERSION = YES;
				GCC_WARN_ABOUT_RETURN_TYPE = YES_ERROR;
				GCC_WARN_UNDECLARED_SELECTOR = YES;
				GCC_WARN_UNINITIALIZED_AUTOS = YES_AGGRESSIVE;
				GCC_WARN_UNUSED_FUNCTION = YES;
				GCC_WARN_UNUSED_VARIABLE = YES;
				IPHONEOS_DEPLOYMENT_TARGET = 14.4;
				MTL_ENABLE_DEBUG_INFO = INCLUDE_SOURCE;
				MTL_FAST_MATH = YES;
				ONLY_ACTIVE_ARCH = YES;
				SDKROOT = iphoneos;
				SWIFT_ACTIVE_COMPILATION_CONDITIONS = DEBUG;
				SWIFT_OPTIMIZATION_LEVEL = "-Onone";
			};
			name = Debug;
		};
		4B8BC02829AEFBB9002C7D28 /* Release */ = {
			isa = XCBuildConfiguration;
			buildSettings = {
				ALWAYS_SEARCH_USER_PATHS = NO;
				CLANG_ANALYZER_NONNULL = YES;
				CLANG_ANALYZER_NUMBER_OBJECT_CONVERSION = YES_AGGRESSIVE;
				CLANG_CXX_LANGUAGE_STANDARD = "gnu++14";
				CLANG_CXX_LIBRARY = "libc++";
				CLANG_ENABLE_MODULES = YES;
				CLANG_ENABLE_OBJC_ARC = YES;
				CLANG_ENABLE_OBJC_WEAK = YES;
				CLANG_WARN_BLOCK_CAPTURE_AUTORELEASING = YES;
				CLANG_WARN_BOOL_CONVERSION = YES;
				CLANG_WARN_COMMA = YES;
				CLANG_WARN_CONSTANT_CONVERSION = YES;
				CLANG_WARN_DEPRECATED_OBJC_IMPLEMENTATIONS = YES;
				CLANG_WARN_DIRECT_OBJC_ISA_USAGE = YES_ERROR;
				CLANG_WARN_DOCUMENTATION_COMMENTS = YES;
				CLANG_WARN_EMPTY_BODY = YES;
				CLANG_WARN_ENUM_CONVERSION = YES;
				CLANG_WARN_INFINITE_RECURSION = YES;
				CLANG_WARN_INT_CONVERSION = YES;
				CLANG_WARN_NON_LITERAL_NULL_CONVERSION = YES;
				CLANG_WARN_OBJC_IMPLICIT_RETAIN_SELF = YES;
				CLANG_WARN_OBJC_LITERAL_CONVERSION = YES;
				CLANG_WARN_OBJC_ROOT_CLASS = YES_ERROR;
				CLANG_WARN_QUOTED_INCLUDE_IN_FRAMEWORK_HEADER = YES;
				CLANG_WARN_RANGE_LOOP_ANALYSIS = YES;
				CLANG_WARN_STRICT_PROTOTYPES = YES;
				CLANG_WARN_SUSPICIOUS_MOVE = YES;
				CLANG_WARN_UNGUARDED_AVAILABILITY = YES_AGGRESSIVE;
				CLANG_WARN_UNREACHABLE_CODE = YES;
				CLANG_WARN__DUPLICATE_METHOD_MATCH = YES;
				COPY_PHASE_STRIP = NO;
				DEBUG_INFORMATION_FORMAT = "dwarf-with-dsym";
				ENABLE_NS_ASSERTIONS = NO;
				ENABLE_STRICT_OBJC_MSGSEND = YES;
				GCC_C_LANGUAGE_STANDARD = gnu11;
				GCC_NO_COMMON_BLOCKS = YES;
				GCC_WARN_64_TO_32_BIT_CONVERSION = YES;
				GCC_WARN_ABOUT_RETURN_TYPE = YES_ERROR;
				GCC_WARN_UNDECLARED_SELECTOR = YES;
				GCC_WARN_UNINITIALIZED_AUTOS = YES_AGGRESSIVE;
				GCC_WARN_UNUSED_FUNCTION = YES;
				GCC_WARN_UNUSED_VARIABLE = YES;
				IPHONEOS_DEPLOYMENT_TARGET = 14.4;
				MTL_ENABLE_DEBUG_INFO = NO;
				MTL_FAST_MATH = YES;
				SDKROOT = iphoneos;
				SWIFT_COMPILATION_MODE = wholemodule;
				SWIFT_OPTIMIZATION_LEVEL = "-O";
				VALIDATE_PRODUCT = YES;
			};
			name = Release;
		};
		4B8BC02A29AEFBB9002C7D28 /* Debug */ = {
			isa = XCBuildConfiguration;
			buildSettings = {
				ASSETCATALOG_COMPILER_APPICON_NAME = AppIcon;
				ASSETCATALOG_COMPILER_GLOBAL_ACCENT_COLOR_NAME = AccentColor;
				CODE_SIGN_STYLE = Automatic;
				DEVELOPMENT_ASSET_PATHS = "\"RouletteApp/Preview Content\"";
				ENABLE_PREVIEWS = YES;
				INFOPLIST_FILE = RouletteApp/Info.plist;
				IPHONEOS_DEPLOYMENT_TARGET = 14.0;
				LD_RUNPATH_SEARCH_PATHS = (
					"$(inherited)",
					"@executable_path/Frameworks",
				);
				PRODUCT_BUNDLE_IDENTIFIER = "-0657151.RouletteApp";
				PRODUCT_NAME = "$(TARGET_NAME)";
				SWIFT_VERSION = 5.0;
				TARGETED_DEVICE_FAMILY = "1,2";
			};
			name = Debug;
		};
		4B8BC02B29AEFBB9002C7D28 /* Release */ = {
			isa = XCBuildConfiguration;
			buildSettings = {
				ASSETCATALOG_COMPILER_APPICON_NAME = AppIcon;
				ASSETCATALOG_COMPILER_GLOBAL_ACCENT_COLOR_NAME = AccentColor;
				CODE_SIGN_STYLE = Automatic;
				DEVELOPMENT_ASSET_PATHS = "\"RouletteApp/Preview Content\"";
				ENABLE_PREVIEWS = YES;
				INFOPLIST_FILE = RouletteApp/Info.plist;
				IPHONEOS_DEPLOYMENT_TARGET = 14.0;
				LD_RUNPATH_SEARCH_PATHS = (
					"$(inherited)",
					"@executable_path/Frameworks",
				);
				PRODUCT_BUNDLE_IDENTIFIER = "-0657151.RouletteApp";
				PRODUCT_NAME = "$(TARGET_NAME)";
				SWIFT_VERSION = 5.0;
				TARGETED_DEVICE_FAMILY = "1,2";
			};
			name = Release;
		};
/* End XCBuildConfiguration section */

/* Begin XCConfigurationList section */
		4B8BC01529AEFBAE002C7D28 /* Build configuration list for PBXProject "RouletteApp" */ = {
			isa = XCConfigurationList;
			buildConfigurations = (
				4B8BC02729AEFBB9002C7D28 /* Debug */,
				4B8BC02829AEFBB9002C7D28 /* Release */,
			);
			defaultConfigurationIsVisible = 0;
			defaultConfigurationName = Release;
		};
		4B8BC02929AEFBB9002C7D28 /* Build configuration list for PBXNativeTarget "RouletteApp" */ = {
			isa = XCConfigurationList;
			buildConfigurations = (
				4B8BC02A29AEFBB9002C7D28 /* Debug */,
				4B8BC02B29AEFBB9002C7D28 /* Release */,
			);
			defaultConfigurationIsVisible = 0;
			defaultConfigurationName = Release;
		};
/* End XCConfigurationList section */
	};
	rootObject = 4B8BC01229AEFBAE002C7D28 /* Project object */;
}
